
Microsoft Visual Studio Solution File, Format Version 12.00
# Visual Studio 2013
VisualStudioVersion = 12.0.31101.0
MinimumVisualStudioVersion = 10.0.40219.1
Project("{FAE04EC0-301F-11D3-BF4B-00C04F79EFBC}") = "winChart", "winChart\winChart.csproj", "{C84A40C7-DDB2-4924-A489-E2296A959724}"
EndProject
Global
	GlobalSection(SolutionConfigurationPlatforms) = preSolution
		Debug|Any CPU = Debug|Any CPU
		Release|Any CPU = Release|Any CPU
	EndGlobalSection
	GlobalSection(ProjectConfigurationPlatforms) = postSolution
		{C84A40C7-DDB2-4924-A489-E2296A959724}.Debug|Any CPU.ActiveCfg = Debug|Any CPU
		{C84A40C7-DDB2-4924-A489-E2296A959724}.Debug|Any CPU.Build.0 = Debug|Any CPU
		{C84A40C7-DDB2-4924-A489-E2296A959724}.Release|Any CPU.ActiveCfg = Release|Any CPU
		{C84A40C7-DDB2-4924-A489-E2296A959724}.Release|Any CPU.Build.0 = Release|Any CPU
	EndGlobalSection
	GlobalSection(SolutionProperties) = preSolution
		HideSolutionNode = FALSE
	EndGlobalSection
EndGlobal
